// !$*UTF8*$!
{
	archiveVersion = 1;
	classes = {
	};
	objectVersion = 77;
	objects = {

/* Begin PBXContainerItemProxy section */
		3D378D312FA48FE700D437F7 /* PBXContainerItemProxy */ = {
			isa = PBXContainerItemProxy;
			containerPortal = 3D378D1B2FA48FE400D437F7 /* Project object */;
			proxyType = 1;
			remoteGlobalIDString = 3D378D222FA48FE400D437F7;
			remoteInfo = MovieMosaic;
		};
		3D378D3B2FA48FE700D437F7 /* PBXContainerItemProxy */ = {
			isa = PBXContainerItemProxy;
			containerPortal = 3D378D1B2FA48FE400D437F7 /* Project object */;
			proxyType = 1;
			remoteGlobalIDString = 3D378D222FA48FE400D437F7;
			remoteInfo = MovieMosaic;
		};
/* End PBXContainerItemProxy section */

/* Begin PBXFileReference section */
		3D378D232FA48FE400D437F7 /* MovieMosaic.app */ = {isa = PBXFileReference; explicitFileType = wrapper.application; includeInIndex = 0; path = MovieMosaic.app; sourceTree = BUILT_PRODUCTS_DIR; };
		3D378D302FA48FE700D437F7 /* MovieMosaicTests.xctest */ = {isa = PBXFileReference; explicitFileType = wrapper.cfbundle; includeInIndex = 0; path = MovieMosaicTests.xctest; sourceTree = BUILT_PRODUCTS_DIR; };
		3D378D3A2FA48FE700D437F7 /* MovieMosaicUITests.xctest */ = {isa = PBXFileReference; explicitFileType = wrapper.cfbundle; includeInIndex = 0; path = MovieMosaicUITests.xctest; sourceTree = BUILT_PRODUCTS_DIR; };
/* End PBXFileReference section */

/* Begin PBXFileSystemSynchronizedRootGroup section */
		3D378D252FA48FE400D437F7 /* MovieMosaic */ = {
			isa = PBXFileSystemSynchronizedRootGroup;
			path = MovieMosaic;
			sourceTree = "<group>";
		};
		3D378D332FA48FE700D437F7 /* MovieMosaicTests */ = {
			isa = PBXFileSystemSynchronizedRootGroup;
			path = MovieMosaicTests;
			sourceTree = "<group>";
		};
		3D378D3D2FA48FE700D437F7 /* MovieMosaicUITests */ = {
			isa = PBXFileSystemSynchronizedRootGroup;
			path = MovieMosaicUITests;
			sourceTree = "<group>";
		};
/* End PBXFileSystemSynchronizedRootGroup section */

/* Begin PBXFrameworksBuildPhase section */
		3D378D202FA48FE400D437F7 /* Frameworks */ = {
			isa = PBXFrameworksBuildPhase;
			buildActionMask = 2147483647;
			files = (
			);
			runOnlyForDeploymentPostprocessing = 0;
		};
		3D378D2D2FA48FE700D437F7 /* Frameworks */ = {
			isa = PBXFrameworksBuildPhase;
			buildActionMask = 2147483647;
			files = (
			);
			runOnlyForDeploymentPostprocessing = 0;
		};
		3D378D372FA48FE700D437F7 /* Frameworks */ = {
			isa = PBXFrameworksBuildPhase;
			buildActionMask = 2147483647;
			files = (
			);
			runOnlyForDeploymentPostprocessing = 0;
		};
/* End PBXFrameworksBuildPhase section */

/* Begin PBXGroup section */
		3D378D1A2FA48FE400D437F7 = {
			isa = PBXGroup;
			children = (
				3D378D252FA48FE400D437F7 /* MovieMosaic */,
				3D378D332FA48FE700D437F7 /* MovieMosaicTests */,
				3D378D3D2FA48FE700D437F7 /* MovieMosaicUITests */,
				3D378D242FA48FE400D437F7 /* Products */,
			);
			sourceTree = "<group>";
		};
		3D378D242FA48FE400D437F7 /* Products */ = {
			isa = PBXGroup;
			children = (
				3D378D232FA48FE400D437F7 /* MovieMosaic.app */,
				3D378D302FA48FE700D437F7 /* MovieMosaicTests.xctest */,
				3D378D3A2FA48FE700D437F7 /* MovieMosaicUITests.xctest */,
			);
			name = Products;
			sourceTree = "<group>";
		};
/* End PBXGroup section */

/* Begin PBXNativeTarget section */
		3D378D222FA48FE400D437F7 /* MovieMosaic */ = {
			isa = PBXNativeTarget;
			buildConfigurationList = 3D378D442FA48FE700D437F7 /* Build configuration list for PBXNativeTarget "MovieMosaic" */;
			buildPhases = (
				3D378D1F2FA48FE400D437F7 /* Sources */,
				3D378D202FA48FE400D437F7 /* Frameworks */,
				3D378D212FA48FE400D437F7 /* Resources */,
			);
			buildRules = (
			);
			dependencies = (
			);
			fileSystemSynchronizedGroups = (
				3D378D252FA48FE400D437F7 /* MovieMosaic */,
			);
			name = MovieMosaic;
			packageProductDependencies = (
			);
			productName = MovieMosaic;
			productReference = 3D378D232FA48FE400D437F7 /* MovieMosaic.app */;
			productType = "com.apple.product-type.application";
		};
		3D378D2F2FA48FE700D437F7 /* MovieMosaicTests */ = {
			isa = PBXNativeTarget;
			buildConfigurationList = 3D378D472FA48FE700D437F7 /* Build configuration list for PBXNativeTarget "MovieMosaicTests" */;
			buildPhases = (
				3D378D2C2FA48FE700D437F7 /* Sources */,
				3D378D2D2FA48FE700D437F7 /* Frameworks */,
				3D378D2E2FA48FE700D437F7 /* Resources */,
			);
			buildRules = (
			);
			dependencies = (
				3D378D322FA48FE700D437F7 /* PBXTargetDependency */,
			);
			fileSystemSynchronizedGroups = (
				3D378D332FA48FE700D437F7 /* MovieMosaicTests */,
			);
			name = MovieMosaicTests;
			packageProductDependencies = (
			);
			productName = MovieMosaicTests;
			productReference = 3D378D302FA48FE700D437F7 /* MovieMosaicTests.xctest */;
			productType = "com.apple.product-type.bundle.unit-test";
		};
		3D378D392FA48FE700D437F7 /* MovieMosaicUITests */ = {
			isa = PBXNativeTarget;
			buildConfigurationList = 3D378D4A2FA48FE700D437F7 /* Build configuration list for PBXNativeTarget "MovieMosaicUITests" */;
			buildPhases = (
				3D378D362FA48FE700D437F7 /* Sources */,
				3D378D372FA48FE700D437F7 /* Frameworks */,
				3D378D382FA48FE700D437F7 /* Resources */,
			);
			buildRules = (
			);
			dependencies = (
				3D378D3C2FA48FE700D437F7 /* PBXTargetDependency */,
			);
			fileSystemSynchronizedGroups = (
				3D378D3D2FA48FE700D437F7 /* MovieMosaicUITests */,
			);
			name = MovieMosaicUITests;
			packageProductDependencies = (
			);
			productName = MovieMosaicUITests;
			productReference = 3D378D3A2FA48FE700D437F7 /* MovieMosaicUITests.xctest */;
			productType = "com.apple.product-type.bundle.ui-testing";
		};
/* End PBXNativeTarget section */

/* Begin PBXProject section */
		3D378D1B2FA48FE400D437F7 /* Project object */ = {
			isa = PBXProject;
			attributes = {
				BuildIndependentTargetsInParallel = 1;
				LastSwiftUpdateCheck = 2640;
				LastUpgradeCheck = 2640;
				TargetAttributes = {
					3D378D222FA48FE400D437F7 = {
						CreatedOnToolsVersion = 26.4.1;
					};
					3D378D2F2FA48FE700D437F7 = {
						CreatedOnToolsVersion = 26.4.1;
						TestTargetID = 3D378D222FA48FE400D437F7;
					};
					3D378D392FA48FE700D437F7 = {
						CreatedOnToolsVersion = 26.4.1;
						TestTargetID = 3D378D222FA48FE400D437F7;
					};
				};
			};
			buildConfigurationList = 3D378D1E2FA48FE400D437F7 /* Build configuration list for PBXProject "MovieMosaic" */;
			developmentRegion = en;
			hasScannedForEncodings = 0;
			knownRegions = (
				en,
				Base,
			);
			mainGroup = 3D378D1A2FA48FE400D437F7;
			minimizedProjectReferenceProxies = 1;
			preferredProjectObjectVersion = 77;
			productRefGroup = 3D378D242FA48FE400D437F7 /* Products */;
			projectDirPath = "";
			projectRoot = "";
			targets = (
				3D378D222FA48FE400D437F7 /* MovieMosaic */,
				3D378D2F2FA48FE700D437F7 /* MovieMosaicTests */,
				3D378D392FA48FE700D437F7 /* MovieMosaicUITests */,
			);
		};
/* End PBXProject section */

/* Begin PBXResourcesBuildPhase section */
		3D378D212FA48FE400D437F7 /* Resources */ = {
			isa = PBXResourcesBuildPhase;
			buildActionMask = 2147483647;
			files = (
			);
			runOnlyForDeploymentPostprocessing = 0;
		};
		3D378D2E2FA48FE700D437F7 /* Resources */ = {
			isa = PBXResourcesBuildPhase;
			buildActionMask = 2147483647;
			files = (
			);
			runOnlyForDeploymentPostprocessing = 0;
		};
		3D378D382FA48FE700D437F7 /* Resources */ = {
			isa = PBXResourcesBuildPhase;
			buildActionMask = 2147483647;
			files = (
			);
			runOnlyForDeploymentPostprocessing = 0;
		};
/* End PBXResourcesBuildPhase section */

/* Begin PBXSourcesBuildPhase section */
		3D378D1F2FA48FE400D437F7 /* Sources */ = {
			isa = PBXSourcesBuildPhase;
			buildActionMask = 2147483647;
			files = (
			);
			runOnlyForDeploymentPostprocessing = 0;
		};
		3D378D2C2FA48FE700D437F7 /* Sources */ = {
			isa = PBXSourcesBuildPhase;
			buildActionMask = 2147483647;
			files = (
			);
			runOnlyForDeploymentPostprocessing = 0;
		};
		3D378D362FA48FE700D437F7 /* Sources */ = {
			isa = PBXSourcesBuildPhase;
			buildActionMask = 2147483647;
			files = (
			);
			runOnlyForDeploymentPostprocessing = 0;
		};
/* End PBXSourcesBuildPhase section */

/* Begin PBXTargetDependency section */
		3D378D322FA48FE700D437F7 /* PBXTargetDependency */ = {
			isa = PBXTargetDependency;
			target = 3D378D222FA48FE400D437F7 /* MovieMosaic */;
			targetProxy = 3D378D312FA48FE700D437F7 /* PBXContainerItemProxy */;
		};
		3D378D3C2FA48FE700D437F7 /* PBXTargetDependency */ = {
			isa = PBXTargetDependency;
			target = 3D378D222FA48FE400D437F7 /* MovieMosaic */;
			targetProxy = 3D378D3B2FA48FE700D437F7 /* PBXContainerItemProxy */;
		};
/* End PBXTargetDependency section */

/* Begin XCBuildConfiguration section */
		3D378D422FA48FE700D437F7 /* Debug */ = {
			isa = XCBuildConfiguration;
			buildSettings = {
				ALWAYS_SEARCH_USER_PATHS = NO;
				ASSETCATALOG_COMPILER_GENERATE_SWIFT_ASSET_SYMBOL_EXTENSIONS = YES;
				CLANG_ANALYZER_NONNULL = YES;
				CLANG_ANALYZER_NUMBER_OBJECT_CONVERSION = YES_AGGRESSIVE;
				CLANG_CXX_LANGUAGE_STANDARD = "gnu++20";
				CLANG_ENABLE_MODULES = YES;
				CLANG_ENABLE_OBJC_ARC = YES;
				CLANG_ENABLE_OBJC_WEAK = YES;
				CLANG_WARN_BLOCK_CAPTURE_AUTORELEASING = YES;
				CLANG_WARN_BOOL_CONVERSION = YES;
				CLANG_WARN_COMMA = YES;
				CLANG_WARN_CONSTANT_CONVERSION = YES;
				CLANG_WARN_DEPRECATED_OBJC_IMPLEMENTATIONS = YES;
				CLANG_WARN_DIRECT_OBJC_ISA_USAGE = YES_ERROR;
				CLANG_WARN_DOCUMENTATION_COMMENTS = YES;
				CLANG_WARN_EMPTY_BODY = YES;
				CLANG_WARN_ENUM_CONVERSION = YES;
				CLANG_WARN_INFINITE_RECURSION = YES;
				CLANG_WARN_INT_CONVERSION = YES;
				CLANG_WARN_NON_LITERAL_NULL_CONVERSION = YES;
				CLANG_WARN_OBJC_IMPLICIT_RETAIN_SELF = YES;
				CLANG_WARN_OBJC_LITERAL_CONVERSION = YES;
				CLANG_WARN_OBJC_ROOT_CLASS = YES_ERROR;
				CLANG_WARN_QUOTED_INCLUDE_IN_FRAMEWORK_HEADER = YES;
				CLANG_WARN_RANGE_LOOP_ANALYSIS = YES;
				CLANG_WARN_STRICT_PROTOTYPES = YES;
				CLANG_WARN_SUSPICIOUS_MOVE = YES;
				CLANG_WARN_UNGUARDED_AVAILABILITY = YES_AGGRESSIVE;
				CLANG_WARN_UNREACHABLE_CODE = YES;
				CLANG_WARN__DUPLICATE_METHOD_MATCH = YES;
				COPY_PHASE_STRIP = NO;
				DEBUG_INFORMATION_FORMAT = dwarf;
				DEVELOPMENT_TEAM = J4T68AHZ6W;
				ENABLE_STRICT_OBJC_MSGSEND = YES;
				ENABLE_TESTABILITY = YES;
				ENABLE_USER_SCRIPT_SANDBOXING = YES;
				GCC_C_LANGUAGE_STANDARD = gnu17;
				GCC_DYNAMIC_NO_PIC = NO;
				GCC_NO_COMMON_BLOCKS = YES;
				GCC_OPTIMIZATION_LEVEL = 0;
				GCC_PREPROCESSOR_DEFINITIONS = (
					"DEBUG=1",
					"$(inherited)",
				);
				GCC_WARN_64_TO_32_BIT_CONVERSION = YES;
				GCC_WARN_ABOUT_RETURN_TYPE = YES_ERROR;
				GCC_WARN_UNDECLARED_SELECTOR = YES;
				GCC_WARN_UNINITIALIZED_AUTOS = YES_AGGRESSIVE;
				GCC_WARN_UNUSED_FUNCTION = YES;
				GCC_WARN_UNUSED_VARIABLE = YES;
				IPHONEOS_DEPLOYMENT_TARGET = 26.4;
				LOCALIZATION_PREFERS_STRING_CATALOGS = YES;
				MTL_ENABLE_DEBUG_INFO = INCLUDE_SOURCE;
				MTL_FAST_MATH = YES;
				ONLY_ACTIVE_ARCH = YES;
				SDKROOT = iphoneos;
				SWIFT_ACTIVE_COMPILATION_CONDITIONS = "DEBUG $(inherited)";
				SWIFT_OPTIMIZATION_LEVEL = "-Onone";
			};
			name = Debug;
		};
		3D378D432FA48FE700D437F7 /* Release */ = {
			isa = XCBuildConfiguration;
			buildSettings = {
				ALWAYS_SEARCH_USER_PATHS = NO;
				ASSETCATALOG_COMPILER_GENERATE_SWIFT_ASSET_SYMBOL_EXTENSIONS = YES;
				CLANG_ANALYZER_NONNULL = YES;
				CLANG_ANALYZER_NUMBER_OBJECT_CONVERSION = YES_AGGRESSIVE;
				CLANG_CXX_LANGUAGE_STANDARD = "gnu++20";
				CLANG_ENABLE_MODULES = YES;
				CLANG_ENABLE_OBJC_ARC = YES;
				CLANG_ENABLE_OBJC_WEAK = YES;
				CLANG_WARN_BLOCK_CAPTURE_AUTORELEASING = YES;
				CLANG_WARN_BOOL_CONVERSION = YES;
				CLANG_WARN_COMMA = YES;
				CLANG_WARN_CONSTANT_CONVERSION = YES;
				CLANG_WARN_DEPRECATED_OBJC_IMPLEMENTATIONS = YES;
				CLANG_WARN_DIRECT_OBJC_ISA_USAGE = YES_ERROR;
				CLANG_WARN_DOCUMENTATION_COMMENTS = YES;
				CLANG_WARN_EMPTY_BODY = YES;
				CLANG_WARN_ENUM_CONVERSION = YES;
				CLANG_WARN_INFINITE_RECURSION = YES;
				CLANG_WARN_INT_CONVERSION = YES;
				CLANG_WARN_NON_LITERAL_NULL_CONVERSION = YES;
				CLANG_WARN_OBJC_IMPLICIT_RETAIN_SELF = YES;
				CLANG_WARN_OBJC_LITERAL_CONVERSION = YES;
				CLANG_WARN_OBJC_ROOT_CLASS = YES_ERROR;
				CLANG_WARN_QUOTED_INCLUDE_IN_FRAMEWORK_HEADER = YES;
				CLANG_WARN_RANGE_LOOP_ANALYSIS = YES;
				CLANG_WARN_STRICT_PROTOTYPES = YES;
				CLANG_WARN_SUSPICIOUS_MOVE = YES;
				CLANG_WARN_UNGUARDED_AVAILABILITY = YES_AGGRESSIVE;
				CLANG_WARN_UNREACHABLE_CODE = YES;
				CLANG_WARN__DUPLICATE_METHOD_MATCH = YES;
				COPY_PHASE_STRIP = NO;
				DEBUG_INFORMATION_FORMAT = "dwarf-with-dsym";
				DEVELOPMENT_TEAM = J4T68AHZ6W;
				ENABLE_NS_ASSERTIONS = NO;
				ENABLE_STRICT_OBJC_MSGSEND = YES;
				ENABLE_USER_SCRIPT_SANDBOXING = YES;
				GCC_C_LANGUAGE_STANDARD = gnu17;
				GCC_NO_COMMON_BLOCKS = YES;
				GCC_WARN_64_TO_32_BIT_CONVERSION = YES;
				GCC_WARN_ABOUT_RETURN_TYPE = YES_ERROR;
				GCC_WARN_UNDECLARED_SELECTOR = YES;
				GCC_WARN_UNINITIALIZED_AUTOS = YES_AGGRESSIVE;
				GCC_WARN_UNUSED_FUNCTION = YES;
				GCC_WARN_UNUSED_VARIABLE = YES;
				IPHONEOS_DEPLOYMENT_TARGET = 26.4;
				LOCALIZATION_PREFERS_STRING_CATALOGS = YES;
				MTL_ENABLE_DEBUG_INFO = NO;
				MTL_FAST_MATH = YES;
				SDKROOT = iphoneos;
				SWIFT_COMPILATION_MODE = wholemodule;
				VALIDATE_PRODUCT = YES;
			};
			name = Release;
		};
		3D378D452FA48FE700D437F7 /* Debug */ = {
			isa = XCBuildConfiguration;
			buildSettings = {
				ASSETCATALOG_COMPILER_APPICON_NAME = AppIcon;
				ASSETCATALOG_COMPILER_GLOBAL_ACCENT_COLOR_NAME = AccentColor;
				CODE_SIGN_STYLE = Automatic;
				CURRENT_PROJECT_VERSION = 1;
				DEVELOPMENT_TEAM = J4T68AHZ6W;
				ENABLE_PREVIEWS = YES;
				GENERATE_INFOPLIST_FILE = YES;
				INFOPLIST_KEY_UIApplicationSceneManifest_Generation = YES;
				INFOPLIST_KEY_UIApplicationSupportsIndirectInputEvents = YES;
				INFOPLIST_KEY_UILaunchScreen_Generation = YES;
				INFOPLIST_KEY_UISupportedInterfaceOrientations = UIInterfaceOrientationPortrait;
				LD_RUNPATH_SEARCH_PATHS = (
					"$(inherited)",
					"@executable_path/Frameworks",
				);
				MARKETING_VERSION = 1.0;
				PRODUCT_BUNDLE_IDENTIFIER = "Abhijit-Naik.MovieMosaic";
				PRODUCT_NAME = "$(TARGET_NAME)";
				STRING_CATALOG_GENERATE_SYMBOLS = YES;
				SWIFT_APPROACHABLE_CONCURRENCY = YES;
				SWIFT_DEFAULT_ACTOR_ISOLATION = MainActor;
				SWIFT_EMIT_LOC_STRINGS = YES;
				SWIFT_UPCOMING_FEATURE_MEMBER_IMPORT_VISIBILITY = YES;
				SWIFT_VERSION = 5.0;
				TARGETED_DEVICE_FAMILY = "1,2";
			};
			name = Debug;
		};
		3D378D462FA48FE700D437F7 /* Release */ = {
			isa = XCBuildConfiguration;
			buildSettings = {
				ASSETCATALOG_COMPILER_APPICON_NAME = AppIcon;
				ASSETCATALOG_COMPILER_GLOBAL_ACCENT_COLOR_NAME = AccentColor;
				CODE_SIGN_STYLE = Automatic;
				CURRENT_PROJECT_VERSION = 1;
				DEVELOPMENT_TEAM = J4T68AHZ6W;
				ENABLE_PREVIEWS = YES;
				GENERATE_INFOPLIST_FILE = YES;
				INFOPLIST_KEY_UIApplicationSceneManifest_Generation = YES;
				INFOPLIST_KEY_UIApplicationSupportsIndirectInputEvents = YES;
				INFOPLIST_KEY_UILaunchScreen_Generation = YES;
				INFOPLIST_KEY_UISupportedInterfaceOrientations = UIInterfaceOrientationPortrait;
				LD_RUNPATH_SEARCH_PATHS = (
					"$(inherited)",
					"@executable_path/Frameworks",
				);
				MARKETING_VERSION = 1.0;
				PRODUCT_BUNDLE_IDENTIFIER = "Abhijit-Naik.MovieMosaic";
				PRODUCT_NAME = "$(TARGET_NAME)";
				STRING_CATALOG_GENERATE_SYMBOLS = YES;
				SWIFT_APPROACHABLE_CONCURRENCY = YES;
				SWIFT_DEFAULT_ACTOR_ISOLATION = MainActor;
				SWIFT_EMIT_LOC_STRINGS = YES;
				SWIFT_UPCOMING_FEATURE_MEMBER_IMPORT_VISIBILITY = YES;
				SWIFT_VERSION = 5.0;
				TARGETED_DEVICE_FAMILY = "1,2";
			};
			name = Release;
		};
		3D378D482FA48FE700D437F7 /* Debug */ = {
			isa = XCBuildConfiguration;
			buildSettings = {
				BUNDLE_LOADER = "$(TEST_HOST)";
				CODE_SIGN_STYLE = Automatic;
				CURRENT_PROJECT_VERSION = 1;
				DEVELOPMENT_TEAM = J4T68AHZ6W;
				GENERATE_INFOPLIST_FILE = YES;
				IPHONEOS_DEPLOYMENT_TARGET = 26.4;
				MARKETING_VERSION = 1.0;
				PRODUCT_BUNDLE_IDENTIFIER = "Abhijit-Naik.MovieMosaicTests";
				PRODUCT_NAME = "$(TARGET_NAME)";
				STRING_CATALOG_GENERATE_SYMBOLS = NO;
				SWIFT_APPROACHABLE_CONCURRENCY = YES;
				SWIFT_EMIT_LOC_STRINGS = NO;
				SWIFT_UPCOMING_FEATURE_MEMBER_IMPORT_VISIBILITY = YES;
				SWIFT_VERSION = 5.0;
				TARGETED_DEVICE_FAMILY = "1,2";
				TEST_HOST = "$(BUILT_PRODUCTS_DIR)/MovieMosaic.app/$(BUNDLE_EXECUTABLE_FOLDER_PATH)/MovieMosaic";
			};
			name = Debug;
		};
		3D378D492FA48FE700D437F7 /* Release */ = {
			isa = XCBuildConfiguration;
			buildSettings = {
				BUNDLE_LOADER = "$(TEST_HOST)";
				CODE_SIGN_STYLE = Automatic;
				CURRENT_PROJECT_VERSION = 1;
				DEVELOPMENT_TEAM = J4T68AHZ6W;
				GENERATE_INFOPLIST_FILE = YES;
				IPHONEOS_DEPLOYMENT_TARGET = 26.4;
				MARKETING_VERSION = 1.0;
				PRODUCT_BUNDLE_IDENTIFIER = "Abhijit-Naik.MovieMosaicTests";
				PRODUCT_NAME = "$(TARGET_NAME)";
				STRING_CATALOG_GENERATE_SYMBOLS = NO;
				SWIFT_APPROACHABLE_CONCURRENCY = YES;
				SWIFT_EMIT_LOC_STRINGS = NO;
				SWIFT_UPCOMING_FEATURE_MEMBER_IMPORT_VISIBILITY = YES;
				SWIFT_VERSION = 5.0;
				TARGETED_DEVICE_FAMILY = "1,2";
				TEST_HOST = "$(BUILT_PRODUCTS_DIR)/MovieMosaic.app/$(BUNDLE_EXECUTABLE_FOLDER_PATH)/MovieMosaic";
			};
			name = Release;
		};
		3D378D4B2FA48FE700D437F7 /* Debug */ = {
			isa = XCBuildConfiguration;
			buildSettings = {
				CODE_SIGN_STYLE = Automatic;
				CURRENT_PROJECT_VERSION = 1;
				DEVELOPMENT_TEAM = J4T68AHZ6W;
				GENERATE_INFOPLIST_FILE = YES;
				MARKETING_VERSION = 1.0;
				PRODUCT_BUNDLE_IDENTIFIER = "Abhijit-Naik.MovieMosaicUITests";
				PRODUCT_NAME = "$(TARGET_NAME)";
				STRING_CATALOG_GENERATE_SYMBOLS = NO;
				SWIFT_APPROACHABLE_CONCURRENCY = YES;
				SWIFT_EMIT_LOC_STRINGS = NO;
				SWIFT_UPCOMING_FEATURE_MEMBER_IMPORT_VISIBILITY = YES;
				SWIFT_VERSION = 5.0;
				TARGETED_DEVICE_FAMILY = "1,2";
				TEST_TARGET_NAME = MovieMosaic;
			};
			name = Debug;
		};
		3D378D4C2FA48FE700D437F7 /* Release */ = {
			isa = XCBuildConfiguration;
			buildSettings = {
				CODE_SIGN_STYLE = Automatic;
				CURRENT_PROJECT_VERSION = 1;
				DEVELOPMENT_TEAM = J4T68AHZ6W;
				GENERATE_INFOPLIST_FILE = YES;
				MARKETING_VERSION = 1.0;
				PRODUCT_BUNDLE_IDENTIFIER = "Abhijit-Naik.MovieMosaicUITests";
				PRODUCT_NAME = "$(TARGET_NAME)";
				STRING_CATALOG_GENERATE_SYMBOLS = NO;
				SWIFT_APPROACHABLE_CONCURRENCY = YES;
				SWIFT_EMIT_LOC_STRINGS = NO;
				SWIFT_UPCOMING_FEATURE_MEMBER_IMPORT_VISIBILITY = YES;
				SWIFT_VERSION = 5.0;
				TARGETED_DEVICE_FAMILY = "1,2";
				TEST_TARGET_NAME = MovieMosaic;
			};
			name = Release;
		};
/* End XCBuildConfiguration section */

/* Begin XCConfigurationList section */
		3D378D1E2FA48FE400D437F7 /* Build configuration list for PBXProject "MovieMosaic" */ = {
			isa = XCConfigurationList;
			buildConfigurations = (
				3D378D422FA48FE700D437F7 /* Debug */,
				3D378D432FA48FE700D437F7 /* Release */,
			);
			defaultConfigurationIsVisible = 0;
			defaultConfigurationName = Release;
		};
		3D378D442FA48FE700D437F7 /* Build configuration list for PBXNativeTarget "MovieMosaic" */ = {
			isa = XCConfigurationList;
			buildConfigurations = (
				3D378D452FA48FE700D437F7 /* Debug */,
				3D378D462FA48FE700D437F7 /* Release */,
			);
			defaultConfigurationIsVisible = 0;
			defaultConfigurationName = Release;
		};
		3D378D472FA48FE700D437F7 /* Build configuration list for PBXNativeTarget "MovieMosaicTests" */ = {
			isa = XCConfigurationList;
			buildConfigurations = (
				3D378D482FA48FE700D437F7 /* Debug */,
				3D378D492FA48FE700D437F7 /* Release */,
			);
			defaultConfigurationIsVisible = 0;
			defaultConfigurationName = Release;
		};
		3D378D4A2FA48FE700D437F7 /* Build configuration list for PBXNativeTarget "MovieMosaicUITests" */ = {
			isa = XCConfigurationList;
			buildConfigurations = (
				3D378D4B2FA48FE700D437F7 /* Debug */,
				3D378D4C2FA48FE700D437F7 /* Release */,
			);
			defaultConfigurationIsVisible = 0;
			defaultConfigurationName = Release;
		};
/* End XCConfigurationList section */
	};
	rootObject = 3D378D1B2FA48FE400D437F7 /* Project object */;
}
